
Microsoft Visual Studio Solution File, Format Version 9.00
# Visual Studio 2005
Project("{8BC9CEB8-8B4A-11D0-8D11-00A0C91BC942}") = "DriverTest", "DriverTest\DriverTest.vcproj", "{B3B09A08-9721-4C03-90CF-A6E136C40BCD}"
EndProject
Project("{8BC9CEB8-8B4A-11D0-8D11-00A0C91BC942}") = "TestExe", "TestExe\TestExe.vcproj", "{1412772B-DED8-40EE-A892-CBEC4647F5A3}"
EndProject
Global
	GlobalSection(SolutionConfigurationPlatforms) = preSolution
		Debug|Win32 = Debug|Win32
		Release|Win32 = Release|Win32
	EndGlobalSection
	GlobalSection(ProjectConfigurationPlatforms) = postSolution
		{B3B09A08-9721-4C03-90CF-A6E136C40BCD}.Debug|Win32.ActiveCfg = Debug|Win32
		{B3B09A08-9721-4C03-90CF-A6E136C40BCD}.Debug|Win32.Build.0 = Debug|Win32
		{B3B09A08-9721-4C03-90CF-A6E136C40BCD}.Release|Win32.ActiveCfg = Release|Win32
		{B3B09A08-9721-4C03-90CF-A6E136C40BCD}.Release|Win32.Build.0 = Release|Win32
		{1412772B-DED8-40EE-A892-CBEC4647F5A3}.Debug|Win32.ActiveCfg = Debug|Win32
		{1412772B-DED8-40EE-A892-CBEC4647F5A3}.Debug|Win32.Build.0 = Debug|Win32
		{1412772B-DED8-40EE-A892-CBEC4647F5A3}.Release|Win32.ActiveCfg = Release|Win32
		{1412772B-DED8-40EE-A892-CBEC4647F5A3}.Release|Win32.Build.0 = Release|Win32
	EndGlobalSection
	GlobalSection(SolutionProperties) = preSolution
		HideSolutionNode = FALSE
	EndGlobalSection
EndGlobal
